// !$*UTF8*$!
{
	archiveVersion = 1;
	classes = {
	};
	objectVersion = 56;
	objects = {

/* Begin PBXBuildFile section */
		4B11956C2C1DA974002AE982 /* ImagePicker.swift in Sources */ = {isa = PBXBuildFile; fileRef = 4B11956B2C1DA974002AE982 /* ImagePicker.swift */; };
		4B1195732C1EE3AB002AE982 /* SoundModel.swift in Sources */ = {isa = PBXBuildFile; fileRef = 4B1195722C1EE3AB002AE982 /* SoundModel.swift */; };
		4B1195762C1EE53B002AE982 /* SoundViewModel.swift in Sources */ = {isa = PBXBuildFile; fileRef = 4B1195752C1EE53B002AE982 /* SoundViewModel.swift */; };
		4B1195782C1EEB0C002AE982 /* Sound1.mp3 in Resources */ = {isa = PBXBuildFile; fileRef = 4B1195772C1EEB0B002AE982 /* Sound1.mp3 */; };
		6D5EF1142C1AC1A500C20D4D /* Mini_2App.swift in Sources */ = {isa = PBXBuildFile; fileRef = 6D5EF1132C1AC1A500C20D4D /* Mini_2App.swift */; };
		6D5EF1162C1AC1A500C20D4D /* ContentView.swift in Sources */ = {isa = PBXBuildFile; fileRef = 6D5EF1152C1AC1A500C20D4D /* ContentView.swift */; };
		6D5EF1182C1AC1A600C20D4D /* Assets.xcassets in Resources */ = {isa = PBXBuildFile; fileRef = 6D5EF1172C1AC1A600C20D4D /* Assets.xcassets */; };
		6D5EF11B2C1AC1A600C20D4D /* Preview Assets.xcassets in Resources */ = {isa = PBXBuildFile; fileRef = 6D5EF11A2C1AC1A600C20D4D /* Preview Assets.xcassets */; };
		6DACC7502C1AC37300AC7ED2 /* AnalysisButton.swift in Sources */ = {isa = PBXBuildFile; fileRef = 6DACC74F2C1AC37300AC7ED2 /* AnalysisButton.swift */; };
		6DACC7542C1AC67800AC7ED2 /* ProfileAnalysis.swift in Sources */ = {isa = PBXBuildFile; fileRef = 6DACC7532C1AC67800AC7ED2 /* ProfileAnalysis.swift */; };
		6DACC7562C1AE93500AC7ED2 /* JournalView.swift in Sources */ = {isa = PBXBuildFile; fileRef = 6DACC7552C1AE93500AC7ED2 /* JournalView.swift */; };
		D6103F1C2C1C610C0092D0B7 /* HomeView.swift in Sources */ = {isa = PBXBuildFile; fileRef = D6103F1B2C1C610C0092D0B7 /* HomeView.swift */; };
		D90B7CB22C1AE2FD008B3F7C /* ChatView.swift in Sources */ = {isa = PBXBuildFile; fileRef = D90B7CB12C1AE2FD008B3F7C /* ChatView.swift */; };
		D90B7CB42C1AE39D008B3F7C /* ChatRepository.swift in Sources */ = {isa = PBXBuildFile; fileRef = D90B7CB32C1AE39D008B3F7C /* ChatRepository.swift */; };
		D90B7CBD2C1C10F9008B3F7C /* IncomingChatBubble.swift in Sources */ = {isa = PBXBuildFile; fileRef = D90B7CBC2C1C10F9008B3F7C /* IncomingChatBubble.swift */; };
		D90B7CC12C1C1451008B3F7C /* OutgoingChatBubble.swift in Sources */ = {isa = PBXBuildFile; fileRef = D90B7CC02C1C1451008B3F7C /* OutgoingChatBubble.swift */; };
		D9526C3B2C1CC2A7008FFBE5 /* DMsView.swift in Sources */ = {isa = PBXBuildFile; fileRef = D9526C3A2C1CC2A7008FFBE5 /* DMsView.swift */; };
		D9526C3D2C1D7175008FFBE5 /* DMsList.swift in Sources */ = {isa = PBXBuildFile; fileRef = D9526C3C2C1D7175008FFBE5 /* DMsList.swift */; };
		D9526C3F2C1DBCB5008FFBE5 /* ChatProfile.swift in Sources */ = {isa = PBXBuildFile; fileRef = D9526C3E2C1DBCB5008FFBE5 /* ChatProfile.swift */; };
		D9526C412C1DC9B8008FFBE5 /* ReplyOptions.swift in Sources */ = {isa = PBXBuildFile; fileRef = D9526C402C1DC9B8008FFBE5 /* ReplyOptions.swift */; };
		D9526C432C1DCA2D008FFBE5 /* VNBubble.swift in Sources */ = {isa = PBXBuildFile; fileRef = D9526C422C1DCA2D008FFBE5 /* VNBubble.swift */; };
/* End PBXBuildFile section */

/* Begin PBXFileReference section */
		4B11956B2C1DA974002AE982 /* ImagePicker.swift */ = {isa = PBXFileReference; lastKnownFileType = sourcecode.swift; path = ImagePicker.swift; sourceTree = "<group>"; };
		4B1195722C1EE3AB002AE982 /* SoundModel.swift */ = {isa = PBXFileReference; lastKnownFileType = sourcecode.swift; path = SoundModel.swift; sourceTree = "<group>"; };
		4B1195752C1EE53B002AE982 /* SoundViewModel.swift */ = {isa = PBXFileReference; lastKnownFileType = sourcecode.swift; path = SoundViewModel.swift; sourceTree = "<group>"; };
		4B1195772C1EEB0B002AE982 /* Sound1.mp3 */ = {isa = PBXFileReference; lastKnownFileType = audio.mp3; path = Sound1.mp3; sourceTree = "<group>"; };
		6D5EF1102C1AC1A500C20D4D /* Mini 2.app */ = {isa = PBXFileReference; explicitFileType = wrapper.application; includeInIndex = 0; path = "Mini 2.app"; sourceTree = BUILT_PRODUCTS_DIR; };
		6D5EF1132C1AC1A500C20D4D /* Mini_2App.swift */ = {isa = PBXFileReference; lastKnownFileType = sourcecode.swift; path = Mini_2App.swift; sourceTree = "<group>"; };
		6D5EF1152C1AC1A500C20D4D /* ContentView.swift */ = {isa = PBXFileReference; lastKnownFileType = sourcecode.swift; path = ContentView.swift; sourceTree = "<group>"; };
		6D5EF1172C1AC1A600C20D4D /* Assets.xcassets */ = {isa = PBXFileReference; lastKnownFileType = folder.assetcatalog; path = Assets.xcassets; sourceTree = "<group>"; };
		6D5EF11A2C1AC1A600C20D4D /* Preview Assets.xcassets */ = {isa = PBXFileReference; lastKnownFileType = folder.assetcatalog; path = "Preview Assets.xcassets"; sourceTree = "<group>"; };
		6DACC74F2C1AC37300AC7ED2 /* AnalysisButton.swift */ = {isa = PBXFileReference; lastKnownFileType = sourcecode.swift; path = AnalysisButton.swift; sourceTree = "<group>"; };
		6DACC7532C1AC67800AC7ED2 /* ProfileAnalysis.swift */ = {isa = PBXFileReference; lastKnownFileType = sourcecode.swift; path = ProfileAnalysis.swift; sourceTree = "<group>"; };
		6DACC7552C1AE93500AC7ED2 /* JournalView.swift */ = {isa = PBXFileReference; lastKnownFileType = sourcecode.swift; path = JournalView.swift; sourceTree = "<group>"; };
		D6103F1B2C1C610C0092D0B7 /* HomeView.swift */ = {isa = PBXFileReference; lastKnownFileType = sourcecode.swift; path = HomeView.swift; sourceTree = "<group>"; };
		D90B7CB12C1AE2FD008B3F7C /* ChatView.swift */ = {isa = PBXFileReference; lastKnownFileType = sourcecode.swift; path = ChatView.swift; sourceTree = "<group>"; };
		D90B7CB32C1AE39D008B3F7C /* ChatRepository.swift */ = {isa = PBXFileReference; lastKnownFileType = sourcecode.swift; path = ChatRepository.swift; sourceTree = "<group>"; };
		D90B7CBC2C1C10F9008B3F7C /* IncomingChatBubble.swift */ = {isa = PBXFileReference; lastKnownFileType = sourcecode.swift; path = IncomingChatBubble.swift; sourceTree = "<group>"; };
		D90B7CC02C1C1451008B3F7C /* OutgoingChatBubble.swift */ = {isa = PBXFileReference; lastKnownFileType = sourcecode.swift; path = OutgoingChatBubble.swift; sourceTree = "<group>"; };
		D9526C3A2C1CC2A7008FFBE5 /* DMsView.swift */ = {isa = PBXFileReference; lastKnownFileType = sourcecode.swift; path = DMsView.swift; sourceTree = "<group>"; };
		D9526C3C2C1D7175008FFBE5 /* DMsList.swift */ = {isa = PBXFileReference; lastKnownFileType = sourcecode.swift; path = DMsList.swift; sourceTree = "<group>"; };
		D9526C3E2C1DBCB5008FFBE5 /* ChatProfile.swift */ = {isa = PBXFileReference; lastKnownFileType = sourcecode.swift; path = ChatProfile.swift; sourceTree = "<group>"; };
		D9526C402C1DC9B8008FFBE5 /* ReplyOptions.swift */ = {isa = PBXFileReference; lastKnownFileType = sourcecode.swift; path = ReplyOptions.swift; sourceTree = "<group>"; };
		D9526C422C1DCA2D008FFBE5 /* VNBubble.swift */ = {isa = PBXFileReference; lastKnownFileType = sourcecode.swift; path = VNBubble.swift; sourceTree = "<group>"; };
/* End PBXFileReference section */

/* Begin PBXFrameworksBuildPhase section */
		6D5EF10D2C1AC1A500C20D4D /* Frameworks */ = {
			isa = PBXFrameworksBuildPhase;
			buildActionMask = 2147483647;
			files = (
			);
			runOnlyForDeploymentPostprocessing = 0;
		};
/* End PBXFrameworksBuildPhase section */

/* Begin PBXGroup section */
		4B11956A2C1DA956002AE982 /* Helpers */ = {
			isa = PBXGroup;
			children = (
				4B11956B2C1DA974002AE982 /* ImagePicker.swift */,
			);
			path = Helpers;
			sourceTree = "<group>";
		};
		4B11956D2C1EC375002AE982 /* Sound */ = {
			isa = PBXGroup;
			children = (
				4B1195772C1EEB0B002AE982 /* Sound1.mp3 */,
			);
			path = Sound;
			sourceTree = "<group>";
		};
		4B11956E2C1EC49F002AE982 /* Model */ = {
			isa = PBXGroup;
			children = (
				4B1195722C1EE3AB002AE982 /* SoundModel.swift */,
			);
			path = Model;
			sourceTree = "<group>";
		};
		4B1195742C1EE523002AE982 /* ViewModel */ = {
			isa = PBXGroup;
			children = (
				4B1195752C1EE53B002AE982 /* SoundViewModel.swift */,
			);
			path = ViewModel;
			sourceTree = "<group>";
		};
		6D5EF1072C1AC1A400C20D4D = {
			isa = PBXGroup;
			children = (
				6D5EF1122C1AC1A500C20D4D /* Mini 2 */,
				6D5EF1112C1AC1A500C20D4D /* Products */,
			);
			sourceTree = "<group>";
		};
		6D5EF1112C1AC1A500C20D4D /* Products */ = {
			isa = PBXGroup;
			children = (
				6D5EF1102C1AC1A500C20D4D /* Mini 2.app */,
			);
			name = Products;
			sourceTree = "<group>";
		};
		6D5EF1122C1AC1A500C20D4D /* Mini 2 */ = {
			isa = PBXGroup;
			children = (
				4B1195742C1EE523002AE982 /* ViewModel */,
				4B11956E2C1EC49F002AE982 /* Model */,
				4B11956D2C1EC375002AE982 /* Sound */,
				4B11956A2C1DA956002AE982 /* Helpers */,
				D90B7CB92C1C0D78008B3F7C /* Component */,
				D90B7CB82C1AE5D9008B3F7C /* View */,
				D90B7CB72C1AE5C7008B3F7C /* Repository */,
				6D5EF1132C1AC1A500C20D4D /* Mini_2App.swift */,
				D6103F1B2C1C610C0092D0B7 /* HomeView.swift */,
				6DACC74F2C1AC37300AC7ED2 /* AnalysisButton.swift */,
				6DACC7532C1AC67800AC7ED2 /* ProfileAnalysis.swift */,
				6D5EF1172C1AC1A600C20D4D /* Assets.xcassets */,
				6D5EF1192C1AC1A600C20D4D /* Preview Content */,
			);
			path = "Mini 2";
			sourceTree = "<group>";
		};
		6D5EF1192C1AC1A600C20D4D /* Preview Content */ = {
			isa = PBXGroup;
			children = (
				6D5EF11A2C1AC1A600C20D4D /* Preview Assets.xcassets */,
			);
			path = "Preview Content";
			sourceTree = "<group>";
		};
		D90B7CB72C1AE5C7008B3F7C /* Repository */ = {
			isa = PBXGroup;
			children = (
				D90B7CB32C1AE39D008B3F7C /* ChatRepository.swift */,
			);
			path = Repository;
			sourceTree = "<group>";
		};
		D90B7CB82C1AE5D9008B3F7C /* View */ = {
			isa = PBXGroup;
			children = (
				6D5EF1152C1AC1A500C20D4D /* ContentView.swift */,
				D90B7CB12C1AE2FD008B3F7C /* ChatView.swift */,
				D9526C3A2C1CC2A7008FFBE5 /* DMsView.swift */,
				6DACC7552C1AE93500AC7ED2 /* JournalView.swift */,
			);
			path = View;
			sourceTree = "<group>";
		};
		D90B7CB92C1C0D78008B3F7C /* Component */ = {
			isa = PBXGroup;
			children = (
				D90B7CBC2C1C10F9008B3F7C /* IncomingChatBubble.swift */,
				D90B7CC02C1C1451008B3F7C /* OutgoingChatBubble.swift */,
				D9526C3C2C1D7175008FFBE5 /* DMsList.swift */,
				D9526C3E2C1DBCB5008FFBE5 /* ChatProfile.swift */,
				D9526C422C1DCA2D008FFBE5 /* VNBubble.swift */,
				D9526C402C1DC9B8008FFBE5 /* ReplyOptions.swift */,
			);
			path = Component;
			sourceTree = "<group>";
		};
/* End PBXGroup section */

/* Begin PBXNativeTarget section */
		6D5EF10F2C1AC1A500C20D4D /* Mini 2 */ = {
			isa = PBXNativeTarget;
			buildConfigurationList = 6D5EF11E2C1AC1A600C20D4D /* Build configuration list for PBXNativeTarget "Mini 2" */;
			buildPhases = (
				6D5EF10C2C1AC1A500C20D4D /* Sources */,
				6D5EF10D2C1AC1A500C20D4D /* Frameworks */,
				6D5EF10E2C1AC1A500C20D4D /* Resources */,
			);
			buildRules = (
			);
			dependencies = (
			);
			name = "Mini 2";
			productName = "Mini 2";
			productReference = 6D5EF1102C1AC1A500C20D4D /* Mini 2.app */;
			productType = "com.apple.product-type.application";
		};
/* End PBXNativeTarget section */

/* Begin PBXProject section */
		6D5EF1082C1AC1A400C20D4D /* Project object */ = {
			isa = PBXProject;
			attributes = {
				BuildIndependentTargetsInParallel = 1;
				LastSwiftUpdateCheck = 1530;
				LastUpgradeCheck = 1530;
				TargetAttributes = {
					6D5EF10F2C1AC1A500C20D4D = {
						CreatedOnToolsVersion = 15.3;
					};
				};
			};
			buildConfigurationList = 6D5EF10B2C1AC1A400C20D4D /* Build configuration list for PBXProject "Mini 2" */;
			compatibilityVersion = "Xcode 14.0";
			developmentRegion = en;
			hasScannedForEncodings = 0;
			knownRegions = (
				en,
				Base,
			);
			mainGroup = 6D5EF1072C1AC1A400C20D4D;
			productRefGroup = 6D5EF1112C1AC1A500C20D4D /* Products */;
			projectDirPath = "";
			projectRoot = "";
			targets = (
				6D5EF10F2C1AC1A500C20D4D /* Mini 2 */,
			);
		};
/* End PBXProject section */

/* Begin PBXResourcesBuildPhase section */
		6D5EF10E2C1AC1A500C20D4D /* Resources */ = {
			isa = PBXResourcesBuildPhase;
			buildActionMask = 2147483647;
			files = (
				4B1195782C1EEB0C002AE982 /* Sound1.mp3 in Resources */,
				6D5EF11B2C1AC1A600C20D4D /* Preview Assets.xcassets in Resources */,
				6D5EF1182C1AC1A600C20D4D /* Assets.xcassets in Resources */,
			);
			runOnlyForDeploymentPostprocessing = 0;
		};
/* End PBXResourcesBuildPhase section */

/* Begin PBXSourcesBuildPhase section */
		6D5EF10C2C1AC1A500C20D4D /* Sources */ = {
			isa = PBXSourcesBuildPhase;
			buildActionMask = 2147483647;
			files = (
				6DACC7502C1AC37300AC7ED2 /* AnalysisButton.swift in Sources */,
				D90B7CBD2C1C10F9008B3F7C /* IncomingChatBubble.swift in Sources */,
				D90B7CB42C1AE39D008B3F7C /* ChatRepository.swift in Sources */,
				D6103F1C2C1C610C0092D0B7 /* HomeView.swift in Sources */,
				D9526C3D2C1D7175008FFBE5 /* DMsList.swift in Sources */,
				4B1195732C1EE3AB002AE982 /* SoundModel.swift in Sources */,
				6DACC7542C1AC67800AC7ED2 /* ProfileAnalysis.swift in Sources */,
				D90B7CB22C1AE2FD008B3F7C /* ChatView.swift in Sources */,
				6DACC7562C1AE93500AC7ED2 /* JournalView.swift in Sources */,
				4B11956C2C1DA974002AE982 /* ImagePicker.swift in Sources */,
				6D5EF1162C1AC1A500C20D4D /* ContentView.swift in Sources */,
				D9526C412C1DC9B8008FFBE5 /* ReplyOptions.swift in Sources */,
				D90B7CC12C1C1451008B3F7C /* OutgoingChatBubble.swift in Sources */,
				D9526C3F2C1DBCB5008FFBE5 /* ChatProfile.swift in Sources */,
				6D5EF1142C1AC1A500C20D4D /* Mini_2App.swift in Sources */,
				D9526C432C1DCA2D008FFBE5 /* VNBubble.swift in Sources */,
				4B1195762C1EE53B002AE982 /* SoundViewModel.swift in Sources */,
				D9526C3B2C1CC2A7008FFBE5 /* DMsView.swift in Sources */,
			);
			runOnlyForDeploymentPostprocessing = 0;
		};
/* End PBXSourcesBuildPhase section */

/* Begin XCBuildConfiguration section */
		6D5EF11C2C1AC1A600C20D4D /* Debug */ = {
			isa = XCBuildConfiguration;
			buildSettings = {
				ALWAYS_SEARCH_USER_PATHS = NO;
				ASSETCATALOG_COMPILER_GENERATE_SWIFT_ASSET_SYMBOL_EXTENSIONS = YES;
				CLANG_ANALYZER_NONNULL = YES;
				CLANG_ANALYZER_NUMBER_OBJECT_CONVERSION = YES_AGGRESSIVE;
				CLANG_CXX_LANGUAGE_STANDARD = "gnu++20";
				CLANG_ENABLE_MODULES = YES;
				CLANG_ENABLE_OBJC_ARC = YES;
				CLANG_ENABLE_OBJC_WEAK = YES;
				CLANG_WARN_BLOCK_CAPTURE_AUTORELEASING = YES;
				CLANG_WARN_BOOL_CONVERSION = YES;
				CLANG_WARN_COMMA = YES;
				CLANG_WARN_CONSTANT_CONVERSION = YES;
				CLANG_WARN_DEPRECATED_OBJC_IMPLEMENTATIONS = YES;
				CLANG_WARN_DIRECT_OBJC_ISA_USAGE = YES_ERROR;
				CLANG_WARN_DOCUMENTATION_COMMENTS = YES;
				CLANG_WARN_EMPTY_BODY = YES;
				CLANG_WARN_ENUM_CONVERSION = YES;
				CLANG_WARN_INFINITE_RECURSION = YES;
				CLANG_WARN_INT_CONVERSION = YES;
				CLANG_WARN_NON_LITERAL_NULL_CONVERSION = YES;
				CLANG_WARN_OBJC_IMPLICIT_RETAIN_SELF = YES;
				CLANG_WARN_OBJC_LITERAL_CONVERSION = YES;
				CLANG_WARN_OBJC_ROOT_CLASS = YES_ERROR;
				CLANG_WARN_QUOTED_INCLUDE_IN_FRAMEWORK_HEADER = YES;
				CLANG_WARN_RANGE_LOOP_ANALYSIS = YES;
				CLANG_WARN_STRICT_PROTOTYPES = YES;
				CLANG_WARN_SUSPICIOUS_MOVE = YES;
				CLANG_WARN_UNGUARDED_AVAILABILITY = YES_AGGRESSIVE;
				CLANG_WARN_UNREACHABLE_CODE = YES;
				CLANG_WARN__DUPLICATE_METHOD_MATCH = YES;
				COPY_PHASE_STRIP = NO;
				DEBUG_INFORMATION_FORMAT = dwarf;
				ENABLE_STRICT_OBJC_MSGSEND = YES;
				ENABLE_TESTABILITY = YES;
				ENABLE_USER_SCRIPT_SANDBOXING = YES;
				GCC_C_LANGUAGE_STANDARD = gnu17;
				GCC_DYNAMIC_NO_PIC = NO;
				GCC_NO_COMMON_BLOCKS = YES;
				GCC_OPTIMIZATION_LEVEL = 0;
				GCC_PREPROCESSOR_DEFINITIONS = (
					"DEBUG=1",
					"$(inherited)",
				);
				GCC_WARN_64_TO_32_BIT_CONVERSION = YES;
				GCC_WARN_ABOUT_RETURN_TYPE = YES_ERROR;
				GCC_WARN_UNDECLARED_SELECTOR = YES;
				GCC_WARN_UNINITIALIZED_AUTOS = YES_AGGRESSIVE;
				GCC_WARN_UNUSED_FUNCTION = YES;
				GCC_WARN_UNUSED_VARIABLE = YES;
				IPHONEOS_DEPLOYMENT_TARGET = 17.4;
				LOCALIZATION_PREFERS_STRING_CATALOGS = YES;
				MTL_ENABLE_DEBUG_INFO = INCLUDE_SOURCE;
				MTL_FAST_MATH = YES;
				ONLY_ACTIVE_ARCH = YES;
				SDKROOT = iphoneos;
				SWIFT_ACTIVE_COMPILATION_CONDITIONS = "DEBUG $(inherited)";
				SWIFT_OPTIMIZATION_LEVEL = "-Onone";
			};
			name = Debug;
		};
		6D5EF11D2C1AC1A600C20D4D /* Release */ = {
			isa = XCBuildConfiguration;
			buildSettings = {
				ALWAYS_SEARCH_USER_PATHS = NO;
				ASSETCATALOG_COMPILER_GENERATE_SWIFT_ASSET_SYMBOL_EXTENSIONS = YES;
				CLANG_ANALYZER_NONNULL = YES;
				CLANG_ANALYZER_NUMBER_OBJECT_CONVERSION = YES_AGGRESSIVE;
				CLANG_CXX_LANGUAGE_STANDARD = "gnu++20";
				CLANG_ENABLE_MODULES = YES;
				CLANG_ENABLE_OBJC_ARC = YES;
				CLANG_ENABLE_OBJC_WEAK = YES;
				CLANG_WARN_BLOCK_CAPTURE_AUTORELEASING = YES;
				CLANG_WARN_BOOL_CONVERSION = YES;
				CLANG_WARN_COMMA = YES;
				CLANG_WARN_CONSTANT_CONVERSION = YES;
				CLANG_WARN_DEPRECATED_OBJC_IMPLEMENTATIONS = YES;
				CLANG_WARN_DIRECT_OBJC_ISA_USAGE = YES_ERROR;
				CLANG_WARN_DOCUMENTATION_COMMENTS = YES;
				CLANG_WARN_EMPTY_BODY = YES;
				CLANG_WARN_ENUM_CONVERSION = YES;
				CLANG_WARN_INFINITE_RECURSION = YES;
				CLANG_WARN_INT_CONVERSION = YES;
				CLANG_WARN_NON_LITERAL_NULL_CONVERSION = YES;
				CLANG_WARN_OBJC_IMPLICIT_RETAIN_SELF = YES;
				CLANG_WARN_OBJC_LITERAL_CONVERSION = YES;
				CLANG_WARN_OBJC_ROOT_CLASS = YES_ERROR;
				CLANG_WARN_QUOTED_INCLUDE_IN_FRAMEWORK_HEADER = YES;
				CLANG_WARN_RANGE_LOOP_ANALYSIS = YES;
				CLANG_WARN_STRICT_PROTOTYPES = YES;
				CLANG_WARN_SUSPICIOUS_MOVE = YES;
				CLANG_WARN_UNGUARDED_AVAILABILITY = YES_AGGRESSIVE;
				CLANG_WARN_UNREACHABLE_CODE = YES;
				CLANG_WARN__DUPLICATE_METHOD_MATCH = YES;
				COPY_PHASE_STRIP = NO;
				DEBUG_INFORMATION_FORMAT = "dwarf-with-dsym";
				ENABLE_NS_ASSERTIONS = NO;
				ENABLE_STRICT_OBJC_MSGSEND = YES;
				ENABLE_USER_SCRIPT_SANDBOXING = YES;
				GCC_C_LANGUAGE_STANDARD = gnu17;
				GCC_NO_COMMON_BLOCKS = YES;
				GCC_WARN_64_TO_32_BIT_CONVERSION = YES;
				GCC_WARN_ABOUT_RETURN_TYPE = YES_ERROR;
				GCC_WARN_UNDECLARED_SELECTOR = YES;
				GCC_WARN_UNINITIALIZED_AUTOS = YES_AGGRESSIVE;
				GCC_WARN_UNUSED_FUNCTION = YES;
				GCC_WARN_UNUSED_VARIABLE = YES;
				IPHONEOS_DEPLOYMENT_TARGET = 17.4;
				LOCALIZATION_PREFERS_STRING_CATALOGS = YES;
				MTL_ENABLE_DEBUG_INFO = NO;
				MTL_FAST_MATH = YES;
				SDKROOT = iphoneos;
				SWIFT_COMPILATION_MODE = wholemodule;
				VALIDATE_PRODUCT = YES;
			};
			name = Release;
		};
		6D5EF11F2C1AC1A600C20D4D /* Debug */ = {
			isa = XCBuildConfiguration;
			buildSettings = {
				ASSETCATALOG_COMPILER_APPICON_NAME = AppIcon;
				ASSETCATALOG_COMPILER_GLOBAL_ACCENT_COLOR_NAME = AccentColor;
				CODE_SIGN_STYLE = Automatic;
				CURRENT_PROJECT_VERSION = 1;
				DEVELOPMENT_ASSET_PATHS = "\"Mini 2/Preview Content\"";
				ENABLE_PREVIEWS = YES;
				GENERATE_INFOPLIST_FILE = YES;
				INFOPLIST_KEY_UIApplicationSceneManifest_Generation = YES;
				INFOPLIST_KEY_UIApplicationSupportsIndirectInputEvents = YES;
				INFOPLIST_KEY_UILaunchScreen_Generation = YES;
				INFOPLIST_KEY_UISupportedInterfaceOrientations_iPad = "UIInterfaceOrientationPortrait UIInterfaceOrientationPortraitUpsideDown UIInterfaceOrientationLandscapeLeft UIInterfaceOrientationLandscapeRight";
				INFOPLIST_KEY_UISupportedInterfaceOrientations_iPhone = "UIInterfaceOrientationPortrait UIInterfaceOrientationLandscapeLeft UIInterfaceOrientationLandscapeRight";
				IPHONEOS_DEPLOYMENT_TARGET = 17.2;
				LD_RUNPATH_SEARCH_PATHS = (
					"$(inherited)",
					"@executable_path/Frameworks",
				);
				MARKETING_VERSION = 1.0;
				PRODUCT_BUNDLE_IDENTIFIER = "Apple-Developer-Academy.Mini-2";
				PRODUCT_NAME = "$(TARGET_NAME)";
				SWIFT_EMIT_LOC_STRINGS = YES;
				SWIFT_VERSION = 5.0;
				TARGETED_DEVICE_FAMILY = "1,2";
			};
			name = Debug;
		};
		6D5EF1202C1AC1A600C20D4D /* Release */ = {
			isa = XCBuildConfiguration;
			buildSettings = {
				ASSETCATALOG_COMPILER_APPICON_NAME = AppIcon;
				ASSETCATALOG_COMPILER_GLOBAL_ACCENT_COLOR_NAME = AccentColor;
				CODE_SIGN_STYLE = Automatic;
				CURRENT_PROJECT_VERSION = 1;
				DEVELOPMENT_ASSET_PATHS = "\"Mini 2/Preview Content\"";
				ENABLE_PREVIEWS = YES;
				GENERATE_INFOPLIST_FILE = YES;
				INFOPLIST_KEY_UIApplicationSceneManifest_Generation = YES;
				INFOPLIST_KEY_UIApplicationSupportsIndirectInputEvents = YES;
				INFOPLIST_KEY_UILaunchScreen_Generation = YES;
				INFOPLIST_KEY_UISupportedInterfaceOrientations_iPad = "UIInterfaceOrientationPortrait UIInterfaceOrientationPortraitUpsideDown UIInterfaceOrientationLandscapeLeft UIInterfaceOrientationLandscapeRight";
				INFOPLIST_KEY_UISupportedInterfaceOrientations_iPhone = "UIInterfaceOrientationPortrait UIInterfaceOrientationLandscapeLeft UIInterfaceOrientationLandscapeRight";
				IPHONEOS_DEPLOYMENT_TARGET = 17.2;
				LD_RUNPATH_SEARCH_PATHS = (
					"$(inherited)",
					"@executable_path/Frameworks",
				);
				MARKETING_VERSION = 1.0;
				PRODUCT_BUNDLE_IDENTIFIER = "Apple-Developer-Academy.Mini-2";
				PRODUCT_NAME = "$(TARGET_NAME)";
				SWIFT_EMIT_LOC_STRINGS = YES;
				SWIFT_VERSION = 5.0;
				TARGETED_DEVICE_FAMILY = "1,2";
			};
			name = Release;
		};
/* End XCBuildConfiguration section */

/* Begin XCConfigurationList section */
		6D5EF10B2C1AC1A400C20D4D /* Build configuration list for PBXProject "Mini 2" */ = {
			isa = XCConfigurationList;
			buildConfigurations = (
				6D5EF11C2C1AC1A600C20D4D /* Debug */,
				6D5EF11D2C1AC1A600C20D4D /* Release */,
			);
			defaultConfigurationIsVisible = 0;
			defaultConfigurationName = Release;
		};
		6D5EF11E2C1AC1A600C20D4D /* Build configuration list for PBXNativeTarget "Mini 2" */ = {
			isa = XCConfigurationList;
			buildConfigurations = (
				6D5EF11F2C1AC1A600C20D4D /* Debug */,
				6D5EF1202C1AC1A600C20D4D /* Release */,
			);
			defaultConfigurationIsVisible = 0;
			defaultConfigurationName = Release;
		};
/* End XCConfigurationList section */
	};
	rootObject = 6D5EF1082C1AC1A400C20D4D /* Project object */;
}
