// !$*UTF8*$!
{
	archiveVersion = 1;
	classes = {
	};
	objectVersion = 56;
	objects = {

/* Begin PBXBuildFile section */
		4B11956C2C1DA974002AE982 /* ImagePicker.swift in Sources */ = {isa = PBXBuildFile; fileRef = 4B11956B2C1DA974002AE982 /* ImagePicker.swift */; };
		4B1195732C1EE3AB002AE982 /* SoundModel.swift in Sources */ = {isa = PBXBuildFile; fileRef = 4B1195722C1EE3AB002AE982 /* SoundModel.swift */; };
		4B1195762C1EE53B002AE982 /* SoundViewModel.swift in Sources */ = {isa = PBXBuildFile; fileRef = 4B1195752C1EE53B002AE982 /* SoundViewModel.swift */; };
		4B1195782C1EEB0C002AE982 /* Sound1.mp3 in Resources */ = {isa = PBXBuildFile; fileRef = 4B1195772C1EEB0B002AE982 /* Sound1.mp3 */; };
		4B24039A2C2584CB0085574A /* UploadProfileView.swift in Sources */ = {isa = PBXBuildFile; fileRef = 4B2403992C2584CB0085574A /* UploadProfileView.swift */; };
		4B24039C2C2589140085574A /* ReportCardDetail.swift in Sources */ = {isa = PBXBuildFile; fileRef = 4B24039B2C2589140085574A /* ReportCardDetail.swift */; };
		4B2A045A2C22C53300E47EE5 /* ReportCard.swift in Sources */ = {isa = PBXBuildFile; fileRef = 4B2A04592C22C53300E47EE5 /* ReportCard.swift */; };
		4B2A045C2C22DA0900E47EE5 /* ConfirmationReportPage.swift in Sources */ = {isa = PBXBuildFile; fileRef = 4B2A045B2C22DA0900E47EE5 /* ConfirmationReportPage.swift */; };
		4B2A045E2C22E80100E47EE5 /* PrimaryButton.swift in Sources */ = {isa = PBXBuildFile; fileRef = 4B2A045D2C22E80100E47EE5 /* PrimaryButton.swift */; };
		4B30030D2C2AAAB7003CCCB3 /* Episode1View.swift in Sources */ = {isa = PBXBuildFile; fileRef = 4B30030C2C2AAAB7003CCCB3 /* Episode1View.swift */; };
		6D5EF1142C1AC1A500C20D4D /* Mini_2App.swift in Sources */ = {isa = PBXBuildFile; fileRef = 6D5EF1132C1AC1A500C20D4D /* Mini_2App.swift */; };
		6D5EF1162C1AC1A500C20D4D /* ContentView.swift in Sources */ = {isa = PBXBuildFile; fileRef = 6D5EF1152C1AC1A500C20D4D /* ContentView.swift */; };
		6D5EF1182C1AC1A600C20D4D /* Assets.xcassets in Resources */ = {isa = PBXBuildFile; fileRef = 6D5EF1172C1AC1A600C20D4D /* Assets.xcassets */; };
		6D5EF11B2C1AC1A600C20D4D /* Preview Assets.xcassets in Resources */ = {isa = PBXBuildFile; fileRef = 6D5EF11A2C1AC1A600C20D4D /* Preview Assets.xcassets */; };
		6DACC7502C1AC37300AC7ED2 /* AnalysisButton.swift in Sources */ = {isa = PBXBuildFile; fileRef = 6DACC74F2C1AC37300AC7ED2 /* AnalysisButton.swift */; };
		6DACC7652C20B16F00AC7ED2 /* StalkerProfile.swift in Sources */ = {isa = PBXBuildFile; fileRef = 6DACC7642C20B16F00AC7ED2 /* StalkerProfile.swift */; };
		6DACC7672C21589C00AC7ED2 /* TabBarButton.swift in Sources */ = {isa = PBXBuildFile; fileRef = 6DACC7662C21589C00AC7ED2 /* TabBarButton.swift */; };
		6DACC76B2C2764F900AC7ED2 /* Taskview.swift in Sources */ = {isa = PBXBuildFile; fileRef = 6DACC76A2C2764F900AC7ED2 /* Taskview.swift */; };
		6DACC76D2C2776FD00AC7ED2 /* RBView.swift in Sources */ = {isa = PBXBuildFile; fileRef = 6DACC76C2C2776FD00AC7ED2 /* RBView.swift */; };
		6DACC76F2C289BD800AC7ED2 /* ReportView.swift in Sources */ = {isa = PBXBuildFile; fileRef = 6DACC76E2C289BD800AC7ED2 /* ReportView.swift */; };
		6DACC7712C293A3000AC7ED2 /* TaskViewModel.swift in Sources */ = {isa = PBXBuildFile; fileRef = 6DACC7702C293A3000AC7ED2 /* TaskViewModel.swift */; };
		6DACC7732C293AD800AC7ED2 /* TaskModel.swift in Sources */ = {isa = PBXBuildFile; fileRef = 6DACC7722C293AD800AC7ED2 /* TaskModel.swift */; };
		A30F11212C2885D300EFA434 /* MessageNotification.swift in Sources */ = {isa = PBXBuildFile; fileRef = A30F11202C2885D300EFA434 /* MessageNotification.swift */; };
		A30F11232C2885FD00EFA434 /* CallNotification.swift in Sources */ = {isa = PBXBuildFile; fileRef = A30F11222C2885FD00EFA434 /* CallNotification.swift */; };
		A30F11262C28863700EFA434 /* OngoingCallView.swift in Sources */ = {isa = PBXBuildFile; fileRef = A30F11252C28863700EFA434 /* OngoingCallView.swift */; };
		A30F11282C28867A00EFA434 /* RingingCallView.swift in Sources */ = {isa = PBXBuildFile; fileRef = A30F11272C28867A00EFA434 /* RingingCallView.swift */; };
		A30F112A2C28869E00EFA434 /* IncomingCallView.swift in Sources */ = {isa = PBXBuildFile; fileRef = A30F11292C28869E00EFA434 /* IncomingCallView.swift */; };
		A3AACE352C2982CF007C982F /* SoundPlayer.swift in Sources */ = {isa = PBXBuildFile; fileRef = A3AACE342C2982CF007C982F /* SoundPlayer.swift */; };
		A3AACE3B2C298360007C982F /* dial_call.mp3 in Resources */ = {isa = PBXBuildFile; fileRef = A3AACE362C298360007C982F /* dial_call.mp3 */; };
		A3AACE3C2C298360007C982F /* people_talking.mp3 in Resources */ = {isa = PBXBuildFile; fileRef = A3AACE372C298360007C982F /* people_talking.mp3 */; };
		A3AACE3D2C298360007C982F /* system_notif.mp3 in Resources */ = {isa = PBXBuildFile; fileRef = A3AACE382C298360007C982F /* system_notif.mp3 */; };
		A3AACE3E2C298360007C982F /* message_notif.mp3 in Resources */ = {isa = PBXBuildFile; fileRef = A3AACE392C298360007C982F /* message_notif.mp3 */; };
		A3AACE3F2C298360007C982F /* ring_call.mp3 in Resources */ = {isa = PBXBuildFile; fileRef = A3AACE3A2C298360007C982F /* ring_call.mp3 */; };
		D6FD36E62C271C0600CC4259 /* ProfileView1.swift in Sources */ = {isa = PBXBuildFile; fileRef = D6FD36E52C271C0600CC4259 /* ProfileView1.swift */; };
		D6FD36E82C287D2800CC4259 /* PostModel.swift in Sources */ = {isa = PBXBuildFile; fileRef = D6FD36E72C287D2800CC4259 /* PostModel.swift */; };
		D6FD36EA2C28819D00CC4259 /* HomeView 1.swift in Sources */ = {isa = PBXBuildFile; fileRef = D6FD36E92C28819D00CC4259 /* HomeView 1.swift */; };
		D6FD36EC2C2881DE00CC4259 /* FeedsViewModel.swift in Sources */ = {isa = PBXBuildFile; fileRef = D6FD36EB2C2881DE00CC4259 /* FeedsViewModel.swift */; };
		D6FD36F22C296AAB00CC4259 /* PostView.swift in Sources */ = {isa = PBXBuildFile; fileRef = D6FD36F12C296AAB00CC4259 /* PostView.swift */; };
		D6FD36F42C296B9900CC4259 /* PostDetailView.swift in Sources */ = {isa = PBXBuildFile; fileRef = D6FD36F32C296B9900CC4259 /* PostDetailView.swift */; };
		D6FD36F62C296BE600CC4259 /* SettingsView.swift in Sources */ = {isa = PBXBuildFile; fileRef = D6FD36F52C296BE600CC4259 /* SettingsView.swift */; };
		D6FD36F82C29CCFC00CC4259 /* HomeViewModel.swift in Sources */ = {isa = PBXBuildFile; fileRef = D6FD36F72C29CCFC00CC4259 /* HomeViewModel.swift */; };
		D90B7CB22C1AE2FD008B3F7C /* ChatView.swift in Sources */ = {isa = PBXBuildFile; fileRef = D90B7CB12C1AE2FD008B3F7C /* ChatView.swift */; };
		D90B7CB42C1AE39D008B3F7C /* ChatRepository.swift in Sources */ = {isa = PBXBuildFile; fileRef = D90B7CB32C1AE39D008B3F7C /* ChatRepository.swift */; };
		D90B7CBD2C1C10F9008B3F7C /* IncomingChatBubble.swift in Sources */ = {isa = PBXBuildFile; fileRef = D90B7CBC2C1C10F9008B3F7C /* IncomingChatBubble.swift */; };
		D90B7CC12C1C1451008B3F7C /* OutgoingChatBubble.swift in Sources */ = {isa = PBXBuildFile; fileRef = D90B7CC02C1C1451008B3F7C /* OutgoingChatBubble.swift */; };
		D9526C3B2C1CC2A7008FFBE5 /* DMsView.swift in Sources */ = {isa = PBXBuildFile; fileRef = D9526C3A2C1CC2A7008FFBE5 /* DMsView.swift */; };
		D9526C3D2C1D7175008FFBE5 /* DMsList.swift in Sources */ = {isa = PBXBuildFile; fileRef = D9526C3C2C1D7175008FFBE5 /* DMsList.swift */; };
		D9526C3F2C1DBCB5008FFBE5 /* ChatProfile.swift in Sources */ = {isa = PBXBuildFile; fileRef = D9526C3E2C1DBCB5008FFBE5 /* ChatProfile.swift */; };
		D9526C412C1DC9B8008FFBE5 /* ReplyOptions.swift in Sources */ = {isa = PBXBuildFile; fileRef = D9526C402C1DC9B8008FFBE5 /* ReplyOptions.swift */; };
		D9526C432C1DCA2D008FFBE5 /* VNBubble.swift in Sources */ = {isa = PBXBuildFile; fileRef = D9526C422C1DCA2D008FFBE5 /* VNBubble.swift */; };
		D9526C492C2294A6008FFBE5 /* PhoneView.swift in Sources */ = {isa = PBXBuildFile; fileRef = D9526C482C2294A6008FFBE5 /* PhoneView.swift */; };
		D9526C4B2C22A744008FFBE5 /* PhoneViewModel.swift in Sources */ = {isa = PBXBuildFile; fileRef = D9526C4A2C22A744008FFBE5 /* PhoneViewModel.swift */; };
		D9526C4F2C22AC32008FFBE5 /* PictureEditView.swift in Sources */ = {isa = PBXBuildFile; fileRef = D9526C4E2C22AC32008FFBE5 /* PictureEditView.swift */; };
		D9526C5B2C241184008FFBE5 /* messages.json in Resources */ = {isa = PBXBuildFile; fileRef = D9526C5A2C241184008FFBE5 /* messages.json */; };
		D9526C5D2C2412FB008FFBE5 /* DialogViewModel.swift in Sources */ = {isa = PBXBuildFile; fileRef = D9526C5C2C2412FB008FFBE5 /* DialogViewModel.swift */; };
		D9526C5F2C241304008FFBE5 /* DialogModel.swift in Sources */ = {isa = PBXBuildFile; fileRef = D9526C5E2C241304008FFBE5 /* DialogModel.swift */; };
		D9526C612C244D30008FFBE5 /* PhoneModel.swift in Sources */ = {isa = PBXBuildFile; fileRef = D9526C602C244D30008FFBE5 /* PhoneModel.swift */; };
/* End PBXBuildFile section */

/* Begin PBXFileReference section */
		4B11956B2C1DA974002AE982 /* ImagePicker.swift */ = {isa = PBXFileReference; lastKnownFileType = sourcecode.swift; path = ImagePicker.swift; sourceTree = "<group>"; };
		4B1195722C1EE3AB002AE982 /* SoundModel.swift */ = {isa = PBXFileReference; lastKnownFileType = sourcecode.swift; path = SoundModel.swift; sourceTree = "<group>"; };
		4B1195752C1EE53B002AE982 /* SoundViewModel.swift */ = {isa = PBXFileReference; lastKnownFileType = sourcecode.swift; path = SoundViewModel.swift; sourceTree = "<group>"; };
		4B1195772C1EEB0B002AE982 /* Sound1.mp3 */ = {isa = PBXFileReference; lastKnownFileType = audio.mp3; path = Sound1.mp3; sourceTree = "<group>"; };
		4B2403992C2584CB0085574A /* UploadProfileView.swift */ = {isa = PBXFileReference; lastKnownFileType = sourcecode.swift; path = UploadProfileView.swift; sourceTree = "<group>"; };
		4B24039B2C2589140085574A /* ReportCardDetail.swift */ = {isa = PBXFileReference; lastKnownFileType = sourcecode.swift; path = ReportCardDetail.swift; sourceTree = "<group>"; };
		4B2A04592C22C53300E47EE5 /* ReportCard.swift */ = {isa = PBXFileReference; lastKnownFileType = sourcecode.swift; path = ReportCard.swift; sourceTree = "<group>"; };
		4B2A045B2C22DA0900E47EE5 /* ConfirmationReportPage.swift */ = {isa = PBXFileReference; lastKnownFileType = sourcecode.swift; path = ConfirmationReportPage.swift; sourceTree = "<group>"; };
		4B2A045D2C22E80100E47EE5 /* PrimaryButton.swift */ = {isa = PBXFileReference; lastKnownFileType = sourcecode.swift; path = PrimaryButton.swift; sourceTree = "<group>"; };
		4B30030C2C2AAAB7003CCCB3 /* Episode1View.swift */ = {isa = PBXFileReference; lastKnownFileType = sourcecode.swift; path = Episode1View.swift; sourceTree = "<group>"; };
		6D5EF1102C1AC1A500C20D4D /* Mini 2.app */ = {isa = PBXFileReference; explicitFileType = wrapper.application; includeInIndex = 0; path = "Mini 2.app"; sourceTree = BUILT_PRODUCTS_DIR; };
		6D5EF1132C1AC1A500C20D4D /* Mini_2App.swift */ = {isa = PBXFileReference; lastKnownFileType = sourcecode.swift; path = Mini_2App.swift; sourceTree = "<group>"; };
		6D5EF1152C1AC1A500C20D4D /* ContentView.swift */ = {isa = PBXFileReference; lastKnownFileType = sourcecode.swift; path = ContentView.swift; sourceTree = "<group>"; };
		6D5EF1172C1AC1A600C20D4D /* Assets.xcassets */ = {isa = PBXFileReference; lastKnownFileType = folder.assetcatalog; path = Assets.xcassets; sourceTree = "<group>"; };
		6D5EF11A2C1AC1A600C20D4D /* Preview Assets.xcassets */ = {isa = PBXFileReference; lastKnownFileType = folder.assetcatalog; path = "Preview Assets.xcassets"; sourceTree = "<group>"; };
		6DACC74F2C1AC37300AC7ED2 /* AnalysisButton.swift */ = {isa = PBXFileReference; lastKnownFileType = sourcecode.swift; path = AnalysisButton.swift; sourceTree = "<group>"; };
		6DACC7642C20B16F00AC7ED2 /* StalkerProfile.swift */ = {isa = PBXFileReference; lastKnownFileType = sourcecode.swift; path = StalkerProfile.swift; sourceTree = "<group>"; };
		6DACC7662C21589C00AC7ED2 /* TabBarButton.swift */ = {isa = PBXFileReference; lastKnownFileType = sourcecode.swift; path = TabBarButton.swift; sourceTree = "<group>"; };
		6DACC76A2C2764F900AC7ED2 /* Taskview.swift */ = {isa = PBXFileReference; lastKnownFileType = sourcecode.swift; path = Taskview.swift; sourceTree = "<group>"; };
		6DACC76C2C2776FD00AC7ED2 /* RBView.swift */ = {isa = PBXFileReference; lastKnownFileType = sourcecode.swift; path = RBView.swift; sourceTree = "<group>"; };
		6DACC76E2C289BD800AC7ED2 /* ReportView.swift */ = {isa = PBXFileReference; lastKnownFileType = sourcecode.swift; path = ReportView.swift; sourceTree = "<group>"; };
		6DACC7702C293A3000AC7ED2 /* TaskViewModel.swift */ = {isa = PBXFileReference; lastKnownFileType = sourcecode.swift; path = TaskViewModel.swift; sourceTree = "<group>"; };
		6DACC7722C293AD800AC7ED2 /* TaskModel.swift */ = {isa = PBXFileReference; lastKnownFileType = sourcecode.swift; path = TaskModel.swift; sourceTree = "<group>"; };
		A30F11202C2885D300EFA434 /* MessageNotification.swift */ = {isa = PBXFileReference; lastKnownFileType = sourcecode.swift; path = MessageNotification.swift; sourceTree = "<group>"; };
		A30F11222C2885FD00EFA434 /* CallNotification.swift */ = {isa = PBXFileReference; lastKnownFileType = sourcecode.swift; path = CallNotification.swift; sourceTree = "<group>"; };
		A30F11252C28863700EFA434 /* OngoingCallView.swift */ = {isa = PBXFileReference; lastKnownFileType = sourcecode.swift; path = OngoingCallView.swift; sourceTree = "<group>"; };
		A30F11272C28867A00EFA434 /* RingingCallView.swift */ = {isa = PBXFileReference; lastKnownFileType = sourcecode.swift; path = RingingCallView.swift; sourceTree = "<group>"; };
		A30F11292C28869E00EFA434 /* IncomingCallView.swift */ = {isa = PBXFileReference; lastKnownFileType = sourcecode.swift; path = IncomingCallView.swift; sourceTree = "<group>"; };
		A3AACE342C2982CF007C982F /* SoundPlayer.swift */ = {isa = PBXFileReference; lastKnownFileType = sourcecode.swift; path = SoundPlayer.swift; sourceTree = "<group>"; };
		A3AACE362C298360007C982F /* dial_call.mp3 */ = {isa = PBXFileReference; lastKnownFileType = audio.mp3; path = dial_call.mp3; sourceTree = "<group>"; };
		A3AACE372C298360007C982F /* people_talking.mp3 */ = {isa = PBXFileReference; lastKnownFileType = audio.mp3; path = people_talking.mp3; sourceTree = "<group>"; };
		A3AACE382C298360007C982F /* system_notif.mp3 */ = {isa = PBXFileReference; lastKnownFileType = audio.mp3; path = system_notif.mp3; sourceTree = "<group>"; };
		A3AACE392C298360007C982F /* message_notif.mp3 */ = {isa = PBXFileReference; lastKnownFileType = audio.mp3; path = message_notif.mp3; sourceTree = "<group>"; };
		A3AACE3A2C298360007C982F /* ring_call.mp3 */ = {isa = PBXFileReference; lastKnownFileType = audio.mp3; path = ring_call.mp3; sourceTree = "<group>"; };
		D6FD36E52C271C0600CC4259 /* ProfileView1.swift */ = {isa = PBXFileReference; lastKnownFileType = sourcecode.swift; path = ProfileView1.swift; sourceTree = "<group>"; };
		D6FD36E72C287D2800CC4259 /* PostModel.swift */ = {isa = PBXFileReference; lastKnownFileType = sourcecode.swift; path = PostModel.swift; sourceTree = "<group>"; };
		D6FD36E92C28819D00CC4259 /* HomeView 1.swift */ = {isa = PBXFileReference; lastKnownFileType = sourcecode.swift; path = "HomeView 1.swift"; sourceTree = "<group>"; };
		D6FD36EB2C2881DE00CC4259 /* FeedsViewModel.swift */ = {isa = PBXFileReference; lastKnownFileType = sourcecode.swift; path = FeedsViewModel.swift; sourceTree = "<group>"; };
		D6FD36F12C296AAB00CC4259 /* PostView.swift */ = {isa = PBXFileReference; lastKnownFileType = sourcecode.swift; path = PostView.swift; sourceTree = "<group>"; };
		D6FD36F32C296B9900CC4259 /* PostDetailView.swift */ = {isa = PBXFileReference; lastKnownFileType = sourcecode.swift; path = PostDetailView.swift; sourceTree = "<group>"; };
		D6FD36F52C296BE600CC4259 /* SettingsView.swift */ = {isa = PBXFileReference; lastKnownFileType = sourcecode.swift; path = SettingsView.swift; sourceTree = "<group>"; };
		D6FD36F72C29CCFC00CC4259 /* HomeViewModel.swift */ = {isa = PBXFileReference; lastKnownFileType = sourcecode.swift; path = HomeViewModel.swift; sourceTree = "<group>"; };
		D90B7CB12C1AE2FD008B3F7C /* ChatView.swift */ = {isa = PBXFileReference; lastKnownFileType = sourcecode.swift; path = ChatView.swift; sourceTree = "<group>"; };
		D90B7CB32C1AE39D008B3F7C /* ChatRepository.swift */ = {isa = PBXFileReference; lastKnownFileType = sourcecode.swift; path = ChatRepository.swift; sourceTree = "<group>"; };
		D90B7CBC2C1C10F9008B3F7C /* IncomingChatBubble.swift */ = {isa = PBXFileReference; lastKnownFileType = sourcecode.swift; path = IncomingChatBubble.swift; sourceTree = "<group>"; };
		D90B7CC02C1C1451008B3F7C /* OutgoingChatBubble.swift */ = {isa = PBXFileReference; lastKnownFileType = sourcecode.swift; path = OutgoingChatBubble.swift; sourceTree = "<group>"; };
		D9526C3A2C1CC2A7008FFBE5 /* DMsView.swift */ = {isa = PBXFileReference; lastKnownFileType = sourcecode.swift; path = DMsView.swift; sourceTree = "<group>"; };
		D9526C3C2C1D7175008FFBE5 /* DMsList.swift */ = {isa = PBXFileReference; lastKnownFileType = sourcecode.swift; path = DMsList.swift; sourceTree = "<group>"; };
		D9526C3E2C1DBCB5008FFBE5 /* ChatProfile.swift */ = {isa = PBXFileReference; lastKnownFileType = sourcecode.swift; path = ChatProfile.swift; sourceTree = "<group>"; };
		D9526C402C1DC9B8008FFBE5 /* ReplyOptions.swift */ = {isa = PBXFileReference; lastKnownFileType = sourcecode.swift; path = ReplyOptions.swift; sourceTree = "<group>"; };
		D9526C422C1DCA2D008FFBE5 /* VNBubble.swift */ = {isa = PBXFileReference; lastKnownFileType = sourcecode.swift; path = VNBubble.swift; sourceTree = "<group>"; };
		D9526C482C2294A6008FFBE5 /* PhoneView.swift */ = {isa = PBXFileReference; lastKnownFileType = sourcecode.swift; path = PhoneView.swift; sourceTree = "<group>"; };
		D9526C4A2C22A744008FFBE5 /* PhoneViewModel.swift */ = {isa = PBXFileReference; lastKnownFileType = sourcecode.swift; path = PhoneViewModel.swift; sourceTree = "<group>"; };
		D9526C4E2C22AC32008FFBE5 /* PictureEditView.swift */ = {isa = PBXFileReference; lastKnownFileType = sourcecode.swift; path = PictureEditView.swift; sourceTree = "<group>"; };
		D9526C5A2C241184008FFBE5 /* messages.json */ = {isa = PBXFileReference; lastKnownFileType = text.json; path = messages.json; sourceTree = "<group>"; };
		D9526C5C2C2412FB008FFBE5 /* DialogViewModel.swift */ = {isa = PBXFileReference; fileEncoding = 4; lastKnownFileType = sourcecode.swift; path = DialogViewModel.swift; sourceTree = "<group>"; };
		D9526C5E2C241304008FFBE5 /* DialogModel.swift */ = {isa = PBXFileReference; fileEncoding = 4; lastKnownFileType = sourcecode.swift; path = DialogModel.swift; sourceTree = "<group>"; };
		D9526C602C244D30008FFBE5 /* PhoneModel.swift */ = {isa = PBXFileReference; lastKnownFileType = sourcecode.swift; path = PhoneModel.swift; sourceTree = "<group>"; };
/* End PBXFileReference section */

/* Begin PBXFrameworksBuildPhase section */
		6D5EF10D2C1AC1A500C20D4D /* Frameworks */ = {
			isa = PBXFrameworksBuildPhase;
			buildActionMask = 2147483647;
			files = (
			);
			runOnlyForDeploymentPostprocessing = 0;
		};
/* End PBXFrameworksBuildPhase section */

/* Begin PBXGroup section */
		4B11956A2C1DA956002AE982 /* Helpers */ = {
			isa = PBXGroup;
			children = (
				4B11956B2C1DA974002AE982 /* ImagePicker.swift */,
				A3AACE342C2982CF007C982F /* SoundPlayer.swift */,
			);
			path = Helpers;
			sourceTree = "<group>";
		};
		4B11956D2C1EC375002AE982 /* Sound */ = {
			isa = PBXGroup;
			children = (
				A3AACE362C298360007C982F /* dial_call.mp3 */,
				A3AACE392C298360007C982F /* message_notif.mp3 */,
				A3AACE372C298360007C982F /* people_talking.mp3 */,
				A3AACE3A2C298360007C982F /* ring_call.mp3 */,
				A3AACE382C298360007C982F /* system_notif.mp3 */,
				4B1195772C1EEB0B002AE982 /* Sound1.mp3 */,
			);
			path = Sound;
			sourceTree = "<group>";
		};
		4B11956E2C1EC49F002AE982 /* Model */ = {
			isa = PBXGroup;
			children = (
				D9526C5E2C241304008FFBE5 /* DialogModel.swift */,
				4B1195722C1EE3AB002AE982 /* SoundModel.swift */,
				D9526C602C244D30008FFBE5 /* PhoneModel.swift */,
				D6FD36E72C287D2800CC4259 /* PostModel.swift */,
				6DACC7722C293AD800AC7ED2 /* TaskModel.swift */,
			);
			path = Model;
			sourceTree = "<group>";
		};
		4B1195742C1EE523002AE982 /* ViewModel */ = {
			isa = PBXGroup;
			children = (
				D9526C5C2C2412FB008FFBE5 /* DialogViewModel.swift */,
				4B1195752C1EE53B002AE982 /* SoundViewModel.swift */,
				D9526C4A2C22A744008FFBE5 /* PhoneViewModel.swift */,
				D6FD36EB2C2881DE00CC4259 /* FeedsViewModel.swift */,
				D6FD36F72C29CCFC00CC4259 /* HomeViewModel.swift */,
				6DACC7702C293A3000AC7ED2 /* TaskViewModel.swift */,
			);
			path = ViewModel;
			sourceTree = "<group>";
		};
		4B30030A2C2AAA87003CCCB3 /* Chapter */ = {
			isa = PBXGroup;
			children = (
				4B30030B2C2AAA92003CCCB3 /* Chapter1 */,
			);
			path = Chapter;
			sourceTree = "<group>";
		};
		4B30030B2C2AAA92003CCCB3 /* Chapter1 */ = {
			isa = PBXGroup;
			children = (
				4B30030C2C2AAAB7003CCCB3 /* Episode1View.swift */,
			);
			path = Chapter1;
			sourceTree = "<group>";
		};
		6D5EF1072C1AC1A400C20D4D = {
			isa = PBXGroup;
			children = (
				6D5EF1122C1AC1A500C20D4D /* Mini 2 */,
				6D5EF1112C1AC1A500C20D4D /* Products */,
			);
			sourceTree = "<group>";
		};
		6D5EF1112C1AC1A500C20D4D /* Products */ = {
			isa = PBXGroup;
			children = (
				6D5EF1102C1AC1A500C20D4D /* Mini 2.app */,
			);
			name = Products;
			sourceTree = "<group>";
		};
		6D5EF1122C1AC1A500C20D4D /* Mini 2 */ = {
			isa = PBXGroup;
			children = (
				4B30030A2C2AAA87003CCCB3 /* Chapter */,
				D9526C5A2C241184008FFBE5 /* messages.json */,
				4B1195742C1EE523002AE982 /* ViewModel */,
				4B11956E2C1EC49F002AE982 /* Model */,
				4B11956D2C1EC375002AE982 /* Sound */,
				4B11956A2C1DA956002AE982 /* Helpers */,
				D90B7CB92C1C0D78008B3F7C /* Component */,
				D90B7CB82C1AE5D9008B3F7C /* View */,
				D90B7CB72C1AE5C7008B3F7C /* Repository */,
				6D5EF1132C1AC1A500C20D4D /* Mini_2App.swift */,
				6D5EF1172C1AC1A600C20D4D /* Assets.xcassets */,
				6D5EF1192C1AC1A600C20D4D /* Preview Content */,
			);
			path = "Mini 2";
			sourceTree = "<group>";
		};
		6D5EF1192C1AC1A600C20D4D /* Preview Content */ = {
			isa = PBXGroup;
			children = (
				6D5EF11A2C1AC1A600C20D4D /* Preview Assets.xcassets */,
			);
			path = "Preview Content";
			sourceTree = "<group>";
		};
		A30F11242C28862300EFA434 /* Call View */ = {
			isa = PBXGroup;
			children = (
				A30F11252C28863700EFA434 /* OngoingCallView.swift */,
				A30F11272C28867A00EFA434 /* RingingCallView.swift */,
				A30F11292C28869E00EFA434 /* IncomingCallView.swift */,
			);
			path = "Call View";
			sourceTree = "<group>";
		};
		D90B7CB72C1AE5C7008B3F7C /* Repository */ = {
			isa = PBXGroup;
			children = (
				D90B7CB32C1AE39D008B3F7C /* ChatRepository.swift */,
			);
			path = Repository;
			sourceTree = "<group>";
		};
		D90B7CB82C1AE5D9008B3F7C /* View */ = {
			isa = PBXGroup;
			children = (
				A30F11242C28862300EFA434 /* Call View */,
				D90B7CB12C1AE2FD008B3F7C /* ChatView.swift */,
				D9526C3A2C1CC2A7008FFBE5 /* DMsView.swift */,
				6D5EF1152C1AC1A500C20D4D /* ContentView.swift */,
				6DACC7642C20B16F00AC7ED2 /* StalkerProfile.swift */,
				6DACC76A2C2764F900AC7ED2 /* Taskview.swift */,
				6DACC76C2C2776FD00AC7ED2 /* RBView.swift */,
				6DACC76E2C289BD800AC7ED2 /* ReportView.swift */,
				D9526C482C2294A6008FFBE5 /* PhoneView.swift */,
				D9526C4E2C22AC32008FFBE5 /* PictureEditView.swift */,
				4B2403992C2584CB0085574A /* UploadProfileView.swift */,
				D6FD36E52C271C0600CC4259 /* ProfileView1.swift */,
				D6FD36E92C28819D00CC4259 /* HomeView 1.swift */,
				D6FD36F12C296AAB00CC4259 /* PostView.swift */,
				D6FD36F32C296B9900CC4259 /* PostDetailView.swift */,
				D6FD36F52C296BE600CC4259 /* SettingsView.swift */,
			);
			path = View;
			sourceTree = "<group>";
		};
		D90B7CB92C1C0D78008B3F7C /* Component */ = {
			isa = PBXGroup;
			children = (
				D90B7CBC2C1C10F9008B3F7C /* IncomingChatBubble.swift */,
				D90B7CC02C1C1451008B3F7C /* OutgoingChatBubble.swift */,
				D9526C3C2C1D7175008FFBE5 /* DMsList.swift */,
				D9526C3E2C1DBCB5008FFBE5 /* ChatProfile.swift */,
				D9526C422C1DCA2D008FFBE5 /* VNBubble.swift */,
				D9526C402C1DC9B8008FFBE5 /* ReplyOptions.swift */,
				6DACC7662C21589C00AC7ED2 /* TabBarButton.swift */,
				4B2A04592C22C53300E47EE5 /* ReportCard.swift */,
				4B24039B2C2589140085574A /* ReportCardDetail.swift */,
				4B2A045B2C22DA0900E47EE5 /* ConfirmationReportPage.swift */,
				4B2A045D2C22E80100E47EE5 /* PrimaryButton.swift */,
				A30F11202C2885D300EFA434 /* MessageNotification.swift */,
				A30F11222C2885FD00EFA434 /* CallNotification.swift */,
				6DACC74F2C1AC37300AC7ED2 /* AnalysisButton.swift */,
			);
			path = Component;
			sourceTree = "<group>";
		};
/* End PBXGroup section */

/* Begin PBXNativeTarget section */
		6D5EF10F2C1AC1A500C20D4D /* Mini 2 */ = {
			isa = PBXNativeTarget;
			buildConfigurationList = 6D5EF11E2C1AC1A600C20D4D /* Build configuration list for PBXNativeTarget "Mini 2" */;
			buildPhases = (
				6D5EF10C2C1AC1A500C20D4D /* Sources */,
				6D5EF10D2C1AC1A500C20D4D /* Frameworks */,
				6D5EF10E2C1AC1A500C20D4D /* Resources */,
			);
			buildRules = (
			);
			dependencies = (
			);
			name = "Mini 2";
			productName = "Mini 2";
			productReference = 6D5EF1102C1AC1A500C20D4D /* Mini 2.app */;
			productType = "com.apple.product-type.application";
		};
/* End PBXNativeTarget section */

/* Begin PBXProject section */
		6D5EF1082C1AC1A400C20D4D /* Project object */ = {
			isa = PBXProject;
			attributes = {
				BuildIndependentTargetsInParallel = 1;
				LastSwiftUpdateCheck = 1530;
				LastUpgradeCheck = 1530;
				TargetAttributes = {
					6D5EF10F2C1AC1A500C20D4D = {
						CreatedOnToolsVersion = 15.3;
					};
				};
			};
			buildConfigurationList = 6D5EF10B2C1AC1A400C20D4D /* Build configuration list for PBXProject "Mini 2" */;
			compatibilityVersion = "Xcode 14.0";
			developmentRegion = en;
			hasScannedForEncodings = 0;
			knownRegions = (
				en,
				Base,
			);
			mainGroup = 6D5EF1072C1AC1A400C20D4D;
			productRefGroup = 6D5EF1112C1AC1A500C20D4D /* Products */;
			projectDirPath = "";
			projectRoot = "";
			targets = (
				6D5EF10F2C1AC1A500C20D4D /* Mini 2 */,
			);
		};
/* End PBXProject section */

/* Begin PBXResourcesBuildPhase section */
		6D5EF10E2C1AC1A500C20D4D /* Resources */ = {
			isa = PBXResourcesBuildPhase;
			buildActionMask = 2147483647;
			files = (
				D9526C5B2C241184008FFBE5 /* messages.json in Resources */,
				A3AACE3F2C298360007C982F /* ring_call.mp3 in Resources */,
				4B1195782C1EEB0C002AE982 /* Sound1.mp3 in Resources */,
				6D5EF11B2C1AC1A600C20D4D /* Preview Assets.xcassets in Resources */,
				A3AACE3E2C298360007C982F /* message_notif.mp3 in Resources */,
				A3AACE3B2C298360007C982F /* dial_call.mp3 in Resources */,
				A3AACE3C2C298360007C982F /* people_talking.mp3 in Resources */,
				6D5EF1182C1AC1A600C20D4D /* Assets.xcassets in Resources */,
				A3AACE3D2C298360007C982F /* system_notif.mp3 in Resources */,
			);
			runOnlyForDeploymentPostprocessing = 0;
		};
/* End PBXResourcesBuildPhase section */

/* Begin PBXSourcesBuildPhase section */
		6D5EF10C2C1AC1A500C20D4D /* Sources */ = {
			isa = PBXSourcesBuildPhase;
			buildActionMask = 2147483647;
			files = (
				D6FD36EC2C2881DE00CC4259 /* FeedsViewModel.swift in Sources */,
				D6FD36F62C296BE600CC4259 /* SettingsView.swift in Sources */,
				4B30030D2C2AAAB7003CCCB3 /* Episode1View.swift in Sources */,
				6DACC7502C1AC37300AC7ED2 /* AnalysisButton.swift in Sources */,
				D6FD36F22C296AAB00CC4259 /* PostView.swift in Sources */,
				D9526C4F2C22AC32008FFBE5 /* PictureEditView.swift in Sources */,
				D90B7CBD2C1C10F9008B3F7C /* IncomingChatBubble.swift in Sources */,
				D6FD36EA2C28819D00CC4259 /* HomeView 1.swift in Sources */,
				D90B7CB42C1AE39D008B3F7C /* ChatRepository.swift in Sources */,
				D9526C3D2C1D7175008FFBE5 /* DMsList.swift in Sources */,
				A30F11212C2885D300EFA434 /* MessageNotification.swift in Sources */,
				4B2A045A2C22C53300E47EE5 /* ReportCard.swift in Sources */,
				6DACC7672C21589C00AC7ED2 /* TabBarButton.swift in Sources */,
				A30F11262C28863700EFA434 /* OngoingCallView.swift in Sources */,
				6DACC7732C293AD800AC7ED2 /* TaskModel.swift in Sources */,
				4B1195732C1EE3AB002AE982 /* SoundModel.swift in Sources */,
				D9526C612C244D30008FFBE5 /* PhoneModel.swift in Sources */,
				D9526C492C2294A6008FFBE5 /* PhoneView.swift in Sources */,
				D6FD36E62C271C0600CC4259 /* ProfileView1.swift in Sources */,
				D9526C5F2C241304008FFBE5 /* DialogModel.swift in Sources */,
				A30F11232C2885FD00EFA434 /* CallNotification.swift in Sources */,
				D90B7CB22C1AE2FD008B3F7C /* ChatView.swift in Sources */,
				4B11956C2C1DA974002AE982 /* ImagePicker.swift in Sources */,
				A30F11282C28867A00EFA434 /* RingingCallView.swift in Sources */,
				6D5EF1162C1AC1A500C20D4D /* ContentView.swift in Sources */,
				D9526C412C1DC9B8008FFBE5 /* ReplyOptions.swift in Sources */,
				6DACC76B2C2764F900AC7ED2 /* Taskview.swift in Sources */,
				4B2A045C2C22DA0900E47EE5 /* ConfirmationReportPage.swift in Sources */,
				4B2A045E2C22E80100E47EE5 /* PrimaryButton.swift in Sources */,
				D90B7CC12C1C1451008B3F7C /* OutgoingChatBubble.swift in Sources */,
				A30F112A2C28869E00EFA434 /* IncomingCallView.swift in Sources */,
				D9526C5D2C2412FB008FFBE5 /* DialogViewModel.swift in Sources */,
				6DACC76D2C2776FD00AC7ED2 /* RBView.swift in Sources */,
				D6FD36F42C296B9900CC4259 /* PostDetailView.swift in Sources */,
				D9526C3F2C1DBCB5008FFBE5 /* ChatProfile.swift in Sources */,
				6DACC7712C293A3000AC7ED2 /* TaskViewModel.swift in Sources */,
				6D5EF1142C1AC1A500C20D4D /* Mini_2App.swift in Sources */,
				D9526C432C1DCA2D008FFBE5 /* VNBubble.swift in Sources */,
				4B24039A2C2584CB0085574A /* UploadProfileView.swift in Sources */,
				A3AACE352C2982CF007C982F /* SoundPlayer.swift in Sources */,
				4B24039C2C2589140085574A /* ReportCardDetail.swift in Sources */,
				4B1195762C1EE53B002AE982 /* SoundViewModel.swift in Sources */,
				D9526C4B2C22A744008FFBE5 /* PhoneViewModel.swift in Sources */,
				D6FD36F82C29CCFC00CC4259 /* HomeViewModel.swift in Sources */,
				6DACC7652C20B16F00AC7ED2 /* StalkerProfile.swift in Sources */,
				6DACC76F2C289BD800AC7ED2 /* ReportView.swift in Sources */,
				D9526C3B2C1CC2A7008FFBE5 /* DMsView.swift in Sources */,
				D6FD36E82C287D2800CC4259 /* PostModel.swift in Sources */,
			);
			runOnlyForDeploymentPostprocessing = 0;
		};
/* End PBXSourcesBuildPhase section */

/* Begin XCBuildConfiguration section */
		6D5EF11C2C1AC1A600C20D4D /* Debug */ = {
			isa = XCBuildConfiguration;
			buildSettings = {
				ALWAYS_SEARCH_USER_PATHS = NO;
				ASSETCATALOG_COMPILER_GENERATE_SWIFT_ASSET_SYMBOL_EXTENSIONS = YES;
				CLANG_ANALYZER_NONNULL = YES;
				CLANG_ANALYZER_NUMBER_OBJECT_CONVERSION = YES_AGGRESSIVE;
				CLANG_CXX_LANGUAGE_STANDARD = "gnu++20";
				CLANG_ENABLE_MODULES = YES;
				CLANG_ENABLE_OBJC_ARC = YES;
				CLANG_ENABLE_OBJC_WEAK = YES;
				CLANG_WARN_BLOCK_CAPTURE_AUTORELEASING = YES;
				CLANG_WARN_BOOL_CONVERSION = YES;
				CLANG_WARN_COMMA = YES;
				CLANG_WARN_CONSTANT_CONVERSION = YES;
				CLANG_WARN_DEPRECATED_OBJC_IMPLEMENTATIONS = YES;
				CLANG_WARN_DIRECT_OBJC_ISA_USAGE = YES_ERROR;
				CLANG_WARN_DOCUMENTATION_COMMENTS = YES;
				CLANG_WARN_EMPTY_BODY = YES;
				CLANG_WARN_ENUM_CONVERSION = YES;
				CLANG_WARN_INFINITE_RECURSION = YES;
				CLANG_WARN_INT_CONVERSION = YES;
				CLANG_WARN_NON_LITERAL_NULL_CONVERSION = YES;
				CLANG_WARN_OBJC_IMPLICIT_RETAIN_SELF = YES;
				CLANG_WARN_OBJC_LITERAL_CONVERSION = YES;
				CLANG_WARN_OBJC_ROOT_CLASS = YES_ERROR;
				CLANG_WARN_QUOTED_INCLUDE_IN_FRAMEWORK_HEADER = YES;
				CLANG_WARN_RANGE_LOOP_ANALYSIS = YES;
				CLANG_WARN_STRICT_PROTOTYPES = YES;
				CLANG_WARN_SUSPICIOUS_MOVE = YES;
				CLANG_WARN_UNGUARDED_AVAILABILITY = YES_AGGRESSIVE;
				CLANG_WARN_UNREACHABLE_CODE = YES;
				CLANG_WARN__DUPLICATE_METHOD_MATCH = YES;
				COPY_PHASE_STRIP = NO;
				DEBUG_INFORMATION_FORMAT = dwarf;
				ENABLE_STRICT_OBJC_MSGSEND = YES;
				ENABLE_TESTABILITY = YES;
				ENABLE_USER_SCRIPT_SANDBOXING = YES;
				GCC_C_LANGUAGE_STANDARD = gnu17;
				GCC_DYNAMIC_NO_PIC = NO;
				GCC_NO_COMMON_BLOCKS = YES;
				GCC_OPTIMIZATION_LEVEL = 0;
				GCC_PREPROCESSOR_DEFINITIONS = (
					"DEBUG=1",
					"$(inherited)",
				);
				GCC_WARN_64_TO_32_BIT_CONVERSION = YES;
				GCC_WARN_ABOUT_RETURN_TYPE = YES_ERROR;
				GCC_WARN_UNDECLARED_SELECTOR = YES;
				GCC_WARN_UNINITIALIZED_AUTOS = YES_AGGRESSIVE;
				GCC_WARN_UNUSED_FUNCTION = YES;
				GCC_WARN_UNUSED_VARIABLE = YES;
				IPHONEOS_DEPLOYMENT_TARGET = 17.4;
				LOCALIZATION_PREFERS_STRING_CATALOGS = YES;
				MTL_ENABLE_DEBUG_INFO = INCLUDE_SOURCE;
				MTL_FAST_MATH = YES;
				ONLY_ACTIVE_ARCH = YES;
				SDKROOT = iphoneos;
				SWIFT_ACTIVE_COMPILATION_CONDITIONS = "DEBUG $(inherited)";
				SWIFT_OPTIMIZATION_LEVEL = "-Onone";
			};
			name = Debug;
		};
		6D5EF11D2C1AC1A600C20D4D /* Release */ = {
			isa = XCBuildConfiguration;
			buildSettings = {
				ALWAYS_SEARCH_USER_PATHS = NO;
				ASSETCATALOG_COMPILER_GENERATE_SWIFT_ASSET_SYMBOL_EXTENSIONS = YES;
				CLANG_ANALYZER_NONNULL = YES;
				CLANG_ANALYZER_NUMBER_OBJECT_CONVERSION = YES_AGGRESSIVE;
				CLANG_CXX_LANGUAGE_STANDARD = "gnu++20";
				CLANG_ENABLE_MODULES = YES;
				CLANG_ENABLE_OBJC_ARC = YES;
				CLANG_ENABLE_OBJC_WEAK = YES;
				CLANG_WARN_BLOCK_CAPTURE_AUTORELEASING = YES;
				CLANG_WARN_BOOL_CONVERSION = YES;
				CLANG_WARN_COMMA = YES;
				CLANG_WARN_CONSTANT_CONVERSION = YES;
				CLANG_WARN_DEPRECATED_OBJC_IMPLEMENTATIONS = YES;
				CLANG_WARN_DIRECT_OBJC_ISA_USAGE = YES_ERROR;
				CLANG_WARN_DOCUMENTATION_COMMENTS = YES;
				CLANG_WARN_EMPTY_BODY = YES;
				CLANG_WARN_ENUM_CONVERSION = YES;
				CLANG_WARN_INFINITE_RECURSION = YES;
				CLANG_WARN_INT_CONVERSION = YES;
				CLANG_WARN_NON_LITERAL_NULL_CONVERSION = YES;
				CLANG_WARN_OBJC_IMPLICIT_RETAIN_SELF = YES;
				CLANG_WARN_OBJC_LITERAL_CONVERSION = YES;
				CLANG_WARN_OBJC_ROOT_CLASS = YES_ERROR;
				CLANG_WARN_QUOTED_INCLUDE_IN_FRAMEWORK_HEADER = YES;
				CLANG_WARN_RANGE_LOOP_ANALYSIS = YES;
				CLANG_WARN_STRICT_PROTOTYPES = YES;
				CLANG_WARN_SUSPICIOUS_MOVE = YES;
				CLANG_WARN_UNGUARDED_AVAILABILITY = YES_AGGRESSIVE;
				CLANG_WARN_UNREACHABLE_CODE = YES;
				CLANG_WARN__DUPLICATE_METHOD_MATCH = YES;
				COPY_PHASE_STRIP = NO;
				DEBUG_INFORMATION_FORMAT = "dwarf-with-dsym";
				ENABLE_NS_ASSERTIONS = NO;
				ENABLE_STRICT_OBJC_MSGSEND = YES;
				ENABLE_USER_SCRIPT_SANDBOXING = YES;
				GCC_C_LANGUAGE_STANDARD = gnu17;
				GCC_NO_COMMON_BLOCKS = YES;
				GCC_WARN_64_TO_32_BIT_CONVERSION = YES;
				GCC_WARN_ABOUT_RETURN_TYPE = YES_ERROR;
				GCC_WARN_UNDECLARED_SELECTOR = YES;
				GCC_WARN_UNINITIALIZED_AUTOS = YES_AGGRESSIVE;
				GCC_WARN_UNUSED_FUNCTION = YES;
				GCC_WARN_UNUSED_VARIABLE = YES;
				IPHONEOS_DEPLOYMENT_TARGET = 17.4;
				LOCALIZATION_PREFERS_STRING_CATALOGS = YES;
				MTL_ENABLE_DEBUG_INFO = NO;
				MTL_FAST_MATH = YES;
				SDKROOT = iphoneos;
				SWIFT_COMPILATION_MODE = wholemodule;
				VALIDATE_PRODUCT = YES;
			};
			name = Release;
		};
		6D5EF11F2C1AC1A600C20D4D /* Debug */ = {
			isa = XCBuildConfiguration;
			buildSettings = {
				ASSETCATALOG_COMPILER_APPICON_NAME = AppIcon;
				ASSETCATALOG_COMPILER_GLOBAL_ACCENT_COLOR_NAME = AccentColor;
				CODE_SIGN_STYLE = Automatic;
				CURRENT_PROJECT_VERSION = 1;
				DEVELOPMENT_ASSET_PATHS = "\"Mini 2/Preview Content\"";
				ENABLE_PREVIEWS = YES;
				GENERATE_INFOPLIST_FILE = YES;
				INFOPLIST_KEY_UIApplicationSceneManifest_Generation = YES;
				INFOPLIST_KEY_UIApplicationSupportsIndirectInputEvents = YES;
				INFOPLIST_KEY_UILaunchScreen_Generation = YES;
				INFOPLIST_KEY_UISupportedInterfaceOrientations_iPad = "UIInterfaceOrientationPortrait UIInterfaceOrientationPortraitUpsideDown UIInterfaceOrientationLandscapeLeft UIInterfaceOrientationLandscapeRight";
				INFOPLIST_KEY_UISupportedInterfaceOrientations_iPhone = "UIInterfaceOrientationPortrait UIInterfaceOrientationLandscapeLeft UIInterfaceOrientationLandscapeRight";
				IPHONEOS_DEPLOYMENT_TARGET = 17.2;
				LD_RUNPATH_SEARCH_PATHS = (
					"$(inherited)",
					"@executable_path/Frameworks",
				);
				MARKETING_VERSION = 1.0;
				PRODUCT_BUNDLE_IDENTIFIER = "Apple-Developer-Academy.Mini-2";
				PRODUCT_NAME = "$(TARGET_NAME)";
				SWIFT_EMIT_LOC_STRINGS = YES;
				SWIFT_VERSION = 5.0;
				TARGETED_DEVICE_FAMILY = "1,2";
			};
			name = Debug;
		};
		6D5EF1202C1AC1A600C20D4D /* Release */ = {
			isa = XCBuildConfiguration;
			buildSettings = {
				ASSETCATALOG_COMPILER_APPICON_NAME = AppIcon;
				ASSETCATALOG_COMPILER_GLOBAL_ACCENT_COLOR_NAME = AccentColor;
				CODE_SIGN_STYLE = Automatic;
				CURRENT_PROJECT_VERSION = 1;
				DEVELOPMENT_ASSET_PATHS = "\"Mini 2/Preview Content\"";
				ENABLE_PREVIEWS = YES;
				GENERATE_INFOPLIST_FILE = YES;
				INFOPLIST_KEY_UIApplicationSceneManifest_Generation = YES;
				INFOPLIST_KEY_UIApplicationSupportsIndirectInputEvents = YES;
				INFOPLIST_KEY_UILaunchScreen_Generation = YES;
				INFOPLIST_KEY_UISupportedInterfaceOrientations_iPad = "UIInterfaceOrientationPortrait UIInterfaceOrientationPortraitUpsideDown UIInterfaceOrientationLandscapeLeft UIInterfaceOrientationLandscapeRight";
				INFOPLIST_KEY_UISupportedInterfaceOrientations_iPhone = "UIInterfaceOrientationPortrait UIInterfaceOrientationLandscapeLeft UIInterfaceOrientationLandscapeRight";
				IPHONEOS_DEPLOYMENT_TARGET = 17.2;
				LD_RUNPATH_SEARCH_PATHS = (
					"$(inherited)",
					"@executable_path/Frameworks",
				);
				MARKETING_VERSION = 1.0;
				PRODUCT_BUNDLE_IDENTIFIER = "Apple-Developer-Academy.Mini-2";
				PRODUCT_NAME = "$(TARGET_NAME)";
				SWIFT_EMIT_LOC_STRINGS = YES;
				SWIFT_VERSION = 5.0;
				TARGETED_DEVICE_FAMILY = "1,2";
			};
			name = Release;
		};
/* End XCBuildConfiguration section */

/* Begin XCConfigurationList section */
		6D5EF10B2C1AC1A400C20D4D /* Build configuration list for PBXProject "Mini 2" */ = {
			isa = XCConfigurationList;
			buildConfigurations = (
				6D5EF11C2C1AC1A600C20D4D /* Debug */,
				6D5EF11D2C1AC1A600C20D4D /* Release */,
			);
			defaultConfigurationIsVisible = 0;
			defaultConfigurationName = Release;
		};
		6D5EF11E2C1AC1A600C20D4D /* Build configuration list for PBXNativeTarget "Mini 2" */ = {
			isa = XCConfigurationList;
			buildConfigurations = (
				6D5EF11F2C1AC1A600C20D4D /* Debug */,
				6D5EF1202C1AC1A600C20D4D /* Release */,
			);
			defaultConfigurationIsVisible = 0;
			defaultConfigurationName = Release;
		};
/* End XCConfigurationList section */
	};
	rootObject = 6D5EF1082C1AC1A400C20D4D /* Project object */;
}
